
Microsoft Visual Studio Solution File, Format Version 12.00
# Visual Studio Version 17
VisualStudioVersion = 17.3.32825.248
MinimumVisualStudioVersion = 10.0.40219.1
Project("{FAE04EC0-301F-11D3-BF4B-00C04F79EFBC}") = "Lab10.3.8", "Lab10.3.8.csproj", "{BC972809-53B6-4D20-B258-6B07F3E754BE}"
EndProject
Global
	GlobalSection(SolutionConfigurationPlatforms) = preSolution
		Debug|Any CPU = Debug|Any CPU
		Release|Any CPU = Release|Any CPU
	EndGlobalSection
	GlobalSection(ProjectConfigurationPlatforms) = postSolution
		{BC972809-53B6-4D20-B258-6B07F3E754BE}.Debug|Any CPU.ActiveCfg = Debug|Any CPU
		{BC972809-53B6-4D20-B258-6B07F3E754BE}.Debug|Any CPU.Build.0 = Debug|Any CPU
		{BC972809-53B6-4D20-B258-6B07F3E754BE}.Release|Any CPU.ActiveCfg = Release|Any CPU
		{BC972809-53B6-4D20-B258-6B07F3E754BE}.Release|Any CPU.Build.0 = Release|Any CPU
	EndGlobalSection
	GlobalSection(SolutionProperties) = preSolution
		HideSolutionNode = FALSE
	EndGlobalSection
	GlobalSection(ExtensibilityGlobals) = postSolution
		SolutionGuid = {54D1F778-6D1A-4E5F-AF15-09DFA79ADABD}
	EndGlobalSection
EndGlobal
