
Microsoft Visual Studio Solution File, Format Version 12.00
# Visual Studio Version 17
VisualStudioVersion = 17.3.32825.248
MinimumVisualStudioVersion = 10.0.40219.1
Project("{FAE04EC0-301F-11D3-BF4B-00C04F79EFBC}") = "Lab2.1.6", "Lab2.1.6.csproj", "{12D5FECF-B664-48D8-A6F7-B98805C57419}"
EndProject
Global
	GlobalSection(SolutionConfigurationPlatforms) = preSolution
		Debug|Any CPU = Debug|Any CPU
		Release|Any CPU = Release|Any CPU
	EndGlobalSection
	GlobalSection(ProjectConfigurationPlatforms) = postSolution
		{12D5FECF-B664-48D8-A6F7-B98805C57419}.Debug|Any CPU.ActiveCfg = Debug|Any CPU
		{12D5FECF-B664-48D8-A6F7-B98805C57419}.Debug|Any CPU.Build.0 = Debug|Any CPU
		{12D5FECF-B664-48D8-A6F7-B98805C57419}.Release|Any CPU.ActiveCfg = Release|Any CPU
		{12D5FECF-B664-48D8-A6F7-B98805C57419}.Release|Any CPU.Build.0 = Release|Any CPU
	EndGlobalSection
	GlobalSection(SolutionProperties) = preSolution
		HideSolutionNode = FALSE
	EndGlobalSection
	GlobalSection(ExtensibilityGlobals) = postSolution
		SolutionGuid = {6F75966F-160F-4934-BCF5-F8AD395B5C85}
	EndGlobalSection
EndGlobal
