
Microsoft Visual Studio Solution File, Format Version 12.00
# Visual Studio Version 17
VisualStudioVersion = 17.3.32825.248
MinimumVisualStudioVersion = 10.0.40219.1
Project("{FAE04EC0-301F-11D3-BF4B-00C04F79EFBC}") = "Lab1(7).2.8-9", "Lab1(7).2.8-9.csproj", "{5B622B86-2177-4865-A109-C9C48247F624}"
EndProject
Global
	GlobalSection(SolutionConfigurationPlatforms) = preSolution
		Debug|Any CPU = Debug|Any CPU
		Release|Any CPU = Release|Any CPU
	EndGlobalSection
	GlobalSection(ProjectConfigurationPlatforms) = postSolution
		{5B622B86-2177-4865-A109-C9C48247F624}.Debug|Any CPU.ActiveCfg = Debug|Any CPU
		{5B622B86-2177-4865-A109-C9C48247F624}.Debug|Any CPU.Build.0 = Debug|Any CPU
		{5B622B86-2177-4865-A109-C9C48247F624}.Release|Any CPU.ActiveCfg = Release|Any CPU
		{5B622B86-2177-4865-A109-C9C48247F624}.Release|Any CPU.Build.0 = Release|Any CPU
	EndGlobalSection
	GlobalSection(SolutionProperties) = preSolution
		HideSolutionNode = FALSE
	EndGlobalSection
	GlobalSection(ExtensibilityGlobals) = postSolution
		SolutionGuid = {EDFB784D-A40D-4C9C-A77E-FFAB90FBA12C}
	EndGlobalSection
EndGlobal
