
Microsoft Visual Studio Solution File, Format Version 12.00
# Visual Studio Version 17
VisualStudioVersion = 17.3.32825.248
MinimumVisualStudioVersion = 10.0.40219.1
Project("{FAE04EC0-301F-11D3-BF4B-00C04F79EFBC}") = "Lab13", "Lab13.csproj", "{F3A8A2EF-E74A-4030-93F5-110B66898D7D}"
EndProject
Global
	GlobalSection(SolutionConfigurationPlatforms) = preSolution
		Debug|Any CPU = Debug|Any CPU
		Release|Any CPU = Release|Any CPU
	EndGlobalSection
	GlobalSection(ProjectConfigurationPlatforms) = postSolution
		{F3A8A2EF-E74A-4030-93F5-110B66898D7D}.Debug|Any CPU.ActiveCfg = Debug|Any CPU
		{F3A8A2EF-E74A-4030-93F5-110B66898D7D}.Debug|Any CPU.Build.0 = Debug|Any CPU
		{F3A8A2EF-E74A-4030-93F5-110B66898D7D}.Release|Any CPU.ActiveCfg = Release|Any CPU
		{F3A8A2EF-E74A-4030-93F5-110B66898D7D}.Release|Any CPU.Build.0 = Release|Any CPU
	EndGlobalSection
	GlobalSection(SolutionProperties) = preSolution
		HideSolutionNode = FALSE
	EndGlobalSection
	GlobalSection(ExtensibilityGlobals) = postSolution
		SolutionGuid = {6CB1BA3C-3C23-4764-A156-70CD664D22C8}
	EndGlobalSection
EndGlobal
