
Microsoft Visual Studio Solution File, Format Version 12.00
# Visual Studio Version 17
VisualStudioVersion = 17.3.32825.248
MinimumVisualStudioVersion = 10.0.40219.1
Project("{FAE04EC0-301F-11D3-BF4B-00C04F79EFBC}") = "Lab.5.2.26-27-28", "Lab.5.2.26-27-28.csproj", "{EF6D8BB7-E366-422E-94D5-20E0A795376B}"
EndProject
Global
	GlobalSection(SolutionConfigurationPlatforms) = preSolution
		Debug|Any CPU = Debug|Any CPU
		Release|Any CPU = Release|Any CPU
	EndGlobalSection
	GlobalSection(ProjectConfigurationPlatforms) = postSolution
		{EF6D8BB7-E366-422E-94D5-20E0A795376B}.Debug|Any CPU.ActiveCfg = Debug|Any CPU
		{EF6D8BB7-E366-422E-94D5-20E0A795376B}.Debug|Any CPU.Build.0 = Debug|Any CPU
		{EF6D8BB7-E366-422E-94D5-20E0A795376B}.Release|Any CPU.ActiveCfg = Release|Any CPU
		{EF6D8BB7-E366-422E-94D5-20E0A795376B}.Release|Any CPU.Build.0 = Release|Any CPU
	EndGlobalSection
	GlobalSection(SolutionProperties) = preSolution
		HideSolutionNode = FALSE
	EndGlobalSection
	GlobalSection(ExtensibilityGlobals) = postSolution
		SolutionGuid = {20FC5776-8D53-4994-A0C2-0FB959661243}
	EndGlobalSection
EndGlobal
