
Microsoft Visual Studio Solution File, Format Version 12.00
# Visual Studio Version 17
VisualStudioVersion = 17.3.32825.248
MinimumVisualStudioVersion = 10.0.40219.1
Project("{FAE04EC0-301F-11D3-BF4B-00C04F79EFBC}") = "Lab4.3.12-13-14", "Lab4.3.12-13-14.csproj", "{9082F0D6-60FB-4FD4-B491-4C0792B4B218}"
EndProject
Global
	GlobalSection(SolutionConfigurationPlatforms) = preSolution
		Debug|Any CPU = Debug|Any CPU
		Release|Any CPU = Release|Any CPU
	EndGlobalSection
	GlobalSection(ProjectConfigurationPlatforms) = postSolution
		{9082F0D6-60FB-4FD4-B491-4C0792B4B218}.Debug|Any CPU.ActiveCfg = Debug|Any CPU
		{9082F0D6-60FB-4FD4-B491-4C0792B4B218}.Debug|Any CPU.Build.0 = Debug|Any CPU
		{9082F0D6-60FB-4FD4-B491-4C0792B4B218}.Release|Any CPU.ActiveCfg = Release|Any CPU
		{9082F0D6-60FB-4FD4-B491-4C0792B4B218}.Release|Any CPU.Build.0 = Release|Any CPU
	EndGlobalSection
	GlobalSection(SolutionProperties) = preSolution
		HideSolutionNode = FALSE
	EndGlobalSection
	GlobalSection(ExtensibilityGlobals) = postSolution
		SolutionGuid = {F4816CB5-146C-4C72-AB71-49CD92A55037}
	EndGlobalSection
EndGlobal
