
Microsoft Visual Studio Solution File, Format Version 12.00
# Visual Studio Version 17
VisualStudioVersion = 17.3.32825.248
MinimumVisualStudioVersion = 10.0.40219.1
Project("{FAE04EC0-301F-11D3-BF4B-00C04F79EFBC}") = "Lab(l2)", "Lab(l2).csproj", "{0C97B018-E57C-490B-871A-6180132F9EB3}"
EndProject
Global
	GlobalSection(SolutionConfigurationPlatforms) = preSolution
		Debug|Any CPU = Debug|Any CPU
		Release|Any CPU = Release|Any CPU
	EndGlobalSection
	GlobalSection(ProjectConfigurationPlatforms) = postSolution
		{0C97B018-E57C-490B-871A-6180132F9EB3}.Debug|Any CPU.ActiveCfg = Debug|Any CPU
		{0C97B018-E57C-490B-871A-6180132F9EB3}.Debug|Any CPU.Build.0 = Debug|Any CPU
		{0C97B018-E57C-490B-871A-6180132F9EB3}.Release|Any CPU.ActiveCfg = Release|Any CPU
		{0C97B018-E57C-490B-871A-6180132F9EB3}.Release|Any CPU.Build.0 = Release|Any CPU
	EndGlobalSection
	GlobalSection(SolutionProperties) = preSolution
		HideSolutionNode = FALSE
	EndGlobalSection
	GlobalSection(ExtensibilityGlobals) = postSolution
		SolutionGuid = {BD3FCFB7-4D5D-4AB3-B549-9BF3B8E38CCA}
	EndGlobalSection
EndGlobal
